<?xml version="1.0" encoding="UTF-8" standalone="yes" ?>
<CodeBlocks_project_file>
	<FileVersion major="1" minor="6" />
	<Project>
		<Option title="unooo" />
		<Option pch_mode="2" />
		<Option compiler="gcc" />
		<Build>
			<Target title="Debug">
				<Option output="bin/Debug/unooo" prefix_auto="1" extension_auto="1" />
				<Option object_output="obj/Debug/" />
				<Option type="1" />
				<Option compiler="gcc" />
				<Compiler>
					<Add option="-g" />
				</Compiler>
			</Target>
			<Target title="Release">
				<Option output="bin/Release/unooo" prefix_auto="1" extension_auto="1" />
				<Option object_output="obj/Release/" />
				<Option type="1" />
				<Option compiler="gcc" />
				<Compiler>
					<Add option="-O2" />
				</Compiler>
				<Linker>
					<Add option="-s" />
				</Linker>
			</Target>
		</Build>
		<Compiler>
			<Add option="-Wall" />
		</Compiler>
		<Unit filename="affichecarte.c">
			<Option compilerVar="CC" />
		</Unit>
		<Unit filename="case.c">
			<Option compilerVar="CC" />
		</Unit>
		<Unit filename="exite.c">
			<Option compilerVar="CC" />
		</Unit>
		<Unit filename="fichiers.h" />
		<Unit filename="foction affiche.c">
			<Option compilerVar="CC" />
		</Unit>
		<Unit filename="graf.c">
			<Option compilerVar="CC" />
		</Unit>
		<Unit filename="joker.c">
			<Option compilerVar="CC" />
		</Unit>
		<Unit filename="joueuur.c">
			<Option compilerVar="CC" />
		</Unit>
		<Unit filename="logic.c">
			<Option compilerVar="CC" />
		</Unit>
		<Unit filename="main.c">
			<Option compilerVar="CC" />
		</Unit>
		<Unit filename="random.c">
			<Option compilerVar="CC" />
		</Unit>
		<Unit filename="remarque.c">
			<Option compilerVar="CC" />
		</Unit>
		<Unit filename="score.c">
			<Option compilerVar="CC" />
		</Unit>
		<Unit filename="sg.c">
			<Option compilerVar="CC" />
		</Unit>
		<Unit filename="smile.c">
			<Option compilerVar="CC" />
		</Unit>
		<Unit filename="verif.c">
			<Option compilerVar="CC" />
		</Unit>
		<Extensions>
			<code_completion />
			<envvars />
			<debugger />
		</Extensions>
	</Project>
</CodeBlocks_project_file>
